
Microsoft Visual Studio Solution File, Format Version 12.00
# Visual Studio Version 16
VisualStudioVersion = 16.0.30611.23
MinimumVisualStudioVersion = 10.0.40219.1
Project("{FAE04EC0-301F-11D3-BF4B-00C04F79EFBC}") = "Lanchonete", "Lanchonete\Lanchonete.csproj", "{F2D937FA-0439-44C6-9176-2C42BBABB719}"
EndProject
Global
	GlobalSection(SolutionConfigurationPlatforms) = preSolution
		Debug|Any CPU = Debug|Any CPU
		Release|Any CPU = Release|Any CPU
	EndGlobalSection
	GlobalSection(ProjectConfigurationPlatforms) = postSolution
		{F2D937FA-0439-44C6-9176-2C42BBABB719}.Debug|Any CPU.ActiveCfg = Debug|Any CPU
		{F2D937FA-0439-44C6-9176-2C42BBABB719}.Debug|Any CPU.Build.0 = Debug|Any CPU
		{F2D937FA-0439-44C6-9176-2C42BBABB719}.Release|Any CPU.ActiveCfg = Release|Any CPU
		{F2D937FA-0439-44C6-9176-2C42BBABB719}.Release|Any CPU.Build.0 = Release|Any CPU
	EndGlobalSection
	GlobalSection(SolutionProperties) = preSolution
		HideSolutionNode = FALSE
	EndGlobalSection
	GlobalSection(ExtensibilityGlobals) = postSolution
		SolutionGuid = {9993B57C-9E12-4544-8FF4-3D69E5FA9937}
	EndGlobalSection
EndGlobal
